{
  "lockfileVersion": 3,
  "configVersion": 1,
  "workspaces": {
    "": {
      "name": "prime-agent",
      "dependencies": {
        "@earendil-works/pi-coding-agent": "^1.0.0",
      },
      "devDependencies": {
        "@biomejs/biome": "2.5.5",
        "@types/node": "^22.10.5",
        "@typescript/native-preview": "7.0.0-dev.20260120.1",
        "jiti": "^2.7.0",
      },
    },
    "packages/agent": {
      "name": "@earendil-works/pi-agent-core",
      "version": "1.0.0",
      "dependencies": {
        "@earendil-works/pi-ai": "^1.0.0",
      },
      "devDependencies": {
        "@types/node": "^24.3.0",
      },
    },
    "packages/ai": {
      "name": "@earendil-works/pi-ai",
      "version": "1.0.0",
      "bin": {
        "pi-ai": "./dist/cli.js",
      },
      "devDependencies": {
        "@types/node": "^24.3.0",
      },
      "peerDependencies": {
        "openai": "*",
      },
      "optionalPeers": [
        "openai",
      ],
    },
    "packages/coding-agent": {
      "name": "@earendil-works/pi-coding-agent",
      "version": "1.0.0",
      "bin": {
        "pi": "dist/bundle/cli.js",
      },
      "dependencies": {
        "@earendil-works/pi-agent-core": "^1.0.0",
        "@earendil-works/pi-ai": "^1.0.0",
        "@earendil-works/pi-tui": "^1.0.0",
        "@speed-highlight/core": "^1.2.24",
        "extract-zip": "^2.0.1",
        "jiti": "^2.7.0",
        "proper-lockfile": "^4.1.2",
      },
      "devDependencies": {
        "@types/ms": "^2.1.0",
        "@types/node": "^24.3.0",
        "@types/proper-lockfile": "^4.1.4",
        "esbuild": "^0.28.1",
      },
      "optionalDependencies": {
        "@mariozechner/clipboard": "^0.3.9",
      },
    },
    "packages/tui": {
      "name": "@earendil-works/pi-tui",
      "version": "1.0.0",
      "devDependencies": {
        "@xterm/headless": "^6.0.0",
        "@xterm/xterm": "^6.0.0",
      },
    },
  },
  "trustedDependencies": [
    "@earendil-works/pi-coding-agent",
  ],
  "overrides": {
    "gaxios": {
      "rimraf": "6.1.2",
    },
    "rimraf": "6.1.2",
    "shell-quote": "^1.10.0",
  },
  "packages": {
    "@biomejs/biome": ["@biomejs/biome@2.5.5", "", { "optionalDependencies": { "@biomejs/cli-darwin-arm64": "2.5.5", "@biomejs/cli-darwin-x64": "2.5.5", "@biomejs/cli-linux-arm64": "2.5.5", "@biomejs/cli-linux-arm64-musl": "2.5.5", "@biomejs/cli-linux-x64": "2.5.5", "@biomejs/cli-linux-x64-musl": "2.5.5", "@biomejs/cli-win32-arm64": "2.5.5", "@biomejs/cli-win32-x64": "2.5.5" }, "bin": { "biome": "bin/biome" } }, "sha512-r1S8nFsAG1MY+vJFZALzIvwXAJv6ejDQ0mxP21Tgr9YK3ZFtjrvbBwDdNhx1rUqvccEIeNg20cYCNzl6Cr69pQ=="],

    "@biomejs/cli-darwin-arm64": ["@biomejs/cli-darwin-arm64@2.5.5", "", { "os": "darwin", "cpu": "arm64" }, "sha512-kUrAhXVWUrwmAUnV2iXSK7umxKFysTwvqK+Ty6ptUcLY/7T3SnCAjUowE4uvwaEej6nXZ7hu/dTtbokKdsPeag=="],

    "@biomejs/cli-darwin-x64": ["@biomejs/cli-darwin-x64@2.5.5", "", { "os": "darwin", "cpu": "x64" }, "sha512-DamiYc5bUYZ2uxlfc+RLEPtz1Abb6PO5eTbOkufLpSGwd/7AMQAdxhFYiXmwwkJL8IsT8S7GvdgwDHqaMFAvKw=="],

    "@biomejs/cli-linux-arm64": ["@biomejs/cli-linux-arm64@2.5.5", "", { "os": "linux", "cpu": "arm64" }, "sha512-lRKF/pH/1RiYiBKExi3TCZVAtvzEm77aifrvcNiDFrR9WxeAnDUjDnseb6y2XV85mjitLs6SILGm2XG77cHtSQ=="],

    "@biomejs/cli-linux-arm64-musl": ["@biomejs/cli-linux-arm64-musl@2.5.5", "", { "os": "linux", "cpu": "arm64" }, "sha512-U4WMl/sy/E/Q73vf15VspakLRRs2LDFcCeBxJnQfXzssb88zpV6PJPaQ3ezhQ7H6Ht2/8bvuZeHgJWzmoxllZg=="],

    "@biomejs/cli-linux-x64": ["@biomejs/cli-linux-x64@2.5.5", "", { "os": "linux", "cpu": "x64" }, "sha512-H/O39nJEw/2Zm/fm7hrmxxoF8kK/aU1uCoPp70ruXVbomaAdLpJJnCmL11Q2JotT8QVHH06So04Oq53lCSwSwQ=="],

    "@biomejs/cli-linux-x64-musl": ["@biomejs/cli-linux-x64-musl@2.5.5", "", { "os": "linux", "cpu": "x64" }, "sha512-m7wC7tjX5Lrmo69dc4md8FeKpPU1NTCY1v7xUoQQ2vadWwNnBS0KZOG8471otFPHrTHihQJAjQPgMObpLvDe6A=="],

    "@biomejs/cli-win32-arm64": ["@biomejs/cli-win32-arm64@2.5.5", "", { "os": "win32", "cpu": "arm64" }, "sha512-7BryINPuYypLUAH3o/o5ZdgomJ4zn3EDR0ChZJst7n32S6ZhKbgHXuYydLu+YAnx59ehGFR0z/MG6qnzQi3Yyw=="],

    "@biomejs/cli-win32-x64": ["@biomejs/cli-win32-x64@2.5.5", "", { "os": "win32", "cpu": "x64" }, "sha512-bIBFo+n6MIxdNcVFy5CrurbKiZQiUciK3bt8+O9I4wjFZNTfXLpi+giq47522eXqW5NBc9ulx7dR1SlZKi2J5g=="],

    "@earendil-works/pi-agent-core": ["@earendil-works/pi-agent-core@workspace:packages/agent"],

    "@earendil-works/pi-ai": ["@earendil-works/pi-ai@workspace:packages/ai"],

    "@earendil-works/pi-coding-agent": ["@earendil-works/pi-coding-agent@workspace:packages/coding-agent"],

    "@earendil-works/pi-tui": ["@earendil-works/pi-tui@workspace:packages/tui"],

    "@esbuild/aix-ppc64": ["@esbuild/aix-ppc64@0.28.2", "", { "os": "aix", "cpu": "ppc64" }, "sha512-XExcO+dvLKvVtNTibSTBej1NCAbaGhWn9Ww1ZPx80qsahhPFe/8jgWP0IchNe0F3HwkU7n8ejhH8bjonqht8mQ=="],

    "@esbuild/android-arm": ["@esbuild/android-arm@0.28.2", "", { "os": "android", "cpu": "arm" }, "sha512-kXXoiPVVGQcnIYGOeaovwOURpniDBpSq4A03qkQ+BMQqtGG6HYap3xne9C1O1yo4TR3qxlCX5IqqmX6fFo2Lqg=="],

    "@esbuild/android-arm64": ["@esbuild/android-arm64@0.28.2", "", { "os": "android", "cpu": "arm64" }, "sha512-5YfKeeI8qWfBZIX+u2xZC3Zlb3Os/gLS2sbEKM+I4ZOcsWmHS2WLysCcQZDAFRslDUU5Oiq44gf6PYN1vGwG5A=="],

    "@esbuild/android-x64": ["@esbuild/android-x64@0.28.2", "", { "os": "android", "cpu": "x64" }, "sha512-O387ite7SzUyCcy3JQX4P4bLtEA7bLLkx+esve5JHnyYfNTxcVpXZo9jhdB0lTKN44gztELTdU7nS8Nr16Fs1Q=="],

    "@esbuild/darwin-arm64": ["@esbuild/darwin-arm64@0.28.2", "", { "os": "darwin", "cpu": "arm64" }, "sha512-n4KqkOQrraxHJcgjM1RvwbigfQKIKJVpM7xp+KsxiyUSrRdIXnt73VhrPAx0fV44hgfmIVKjxMN9J1t5jySVkw=="],

    "@esbuild/darwin-x64": ["@esbuild/darwin-x64@0.28.2", "", { "os": "darwin", "cpu": "x64" }, "sha512-uq6suIWYP37qzGddBKPw5QEQPi6HiLGsO7UmkpfyaYNQ3D+rN6w6WfwH+nuqcGXWvawGwxOEroO4YGnFh95azw=="],

    "@esbuild/freebsd-arm64": ["@esbuild/freebsd-arm64@0.28.2", "", { "os": "freebsd", "cpu": "arm64" }, "sha512-n+I0BTSRIoy+d6RPKnEVwql5UwBJolytvY4mAOIEJorKlqgPII8ix6slVVrfZ5Tnj7glIZvloylbB/EJPMWEXw=="],

    "@esbuild/freebsd-x64": ["@esbuild/freebsd-x64@0.28.2", "", { "os": "freebsd", "cpu": "x64" }, "sha512-78XJTJkvPs0kz2w61301PJjXl4g7q3JqiYMZ/M/yVI73EHBrCRTgkhu9oqG7vPqq+a/yadEW8aD+agKlk5xrmg=="],

    "@esbuild/linux-arm": ["@esbuild/linux-arm@0.28.2", "", { "os": "linux", "cpu": "arm" }, "sha512-XlDnu2q5yoqems+xay6wSAcg9DDD7K9RLKZEBOMZm3ckNpJBvOX20tSfby8KfrrhINDyv9V2YVZKY/SpoGJI8w=="],

    "@esbuild/linux-arm64": ["@esbuild/linux-arm64@0.28.2", "", { "os": "linux", "cpu": "arm64" }, "sha512-pW4AC0P3it8c7do9MVM4p51FzHzdM/TZrerurgRcHJ2WTa1VQ1CIq18xncfpBJw4ojkiZZrKW2yIBWBP92j6Ug=="],

    "@esbuild/linux-ia32": ["@esbuild/linux-ia32@0.28.2", "", { "os": "linux", "cpu": "ia32" }, "sha512-CYbnj78HsIeA+DhgUKgFCfvNsTHFhMMrinUrMZpDXJXKN8T3XViTZ/+wtHeVxEWY8ewSzTFN+nRmSwO2tZaLUQ=="],

    "@esbuild/linux-loong64": ["@esbuild/linux-loong64@0.28.2", "", { "os": "linux", "cpu": "none" }, "sha512-buwkd8nsph4R+ajRvw0qM5Hja/TXQow3ptzWO2EbG/cqcIkHloRrdlBtQlshyYGTNFvfkfJ5tpPLVkY4DtsPfQ=="],

    "@esbuild/linux-mips64el": ["@esbuild/linux-mips64el@0.28.2", "", { "os": "linux", "cpu": "none" }, "sha512-ZVykbDyk7519VwiNb9Lcj9m8XM6v5V9uKPvrEMkkEedVewf+0itkhahp4HDpgERXhwLRpWFypsGbG/J8s0QjJA=="],

    "@esbuild/linux-ppc64": ["@esbuild/linux-ppc64@0.28.2", "", { "os": "linux", "cpu": "ppc64" }, "sha512-CAXl+Dtd9UUuJd8pKKdwh6MLm3MUMiqMPmhZ3tTSXPqfyQ3vDl6R5hZdZ/kYojK4ofXtdfSv1tFq8XzWx3heNQ=="],

    "@esbuild/linux-riscv64": ["@esbuild/linux-riscv64@0.28.2", "", { "os": "linux", "cpu": "none" }, "sha512-GeXCej4IQtU1B+QlDV8W/RRvbzI3O/Stss+/bCXv4lZls5WGRtu2a+3JkA3i4qIUlMXpcHebWpF8AkJhATowuA=="],

    "@esbuild/linux-s390x": ["@esbuild/linux-s390x@0.28.2", "", { "os": "linux", "cpu": "s390x" }, "sha512-3H1weTYZPxt/WOhByszQZybS9w5lKzUn1FDMsgEChbHWQwHYQQRfBxgCcZvPhjHfKyJjIievvMmEUawJrdY9Dg=="],

    "@esbuild/linux-x64": ["@esbuild/linux-x64@0.28.2", "", { "os": "linux", "cpu": "x64" }, "sha512-4xTZr1FUmSoQW4XIWmit3tzQrUTZM+N3P0XV8xROKYF50XfI7xeO90+1bZvNwxIufQ9hDQVRJH5YhgPVF8A/HQ=="],

    "@esbuild/netbsd-arm64": ["@esbuild/netbsd-arm64@0.28.2", "", { "os": "none", "cpu": "arm64" }, "sha512-sSATRjPeDBg3pdgHoQfoYBob11Kk1FGa9lui5RIHZCoCkJa9QKlvl3/vKz2usCmYYjs7ymJR/2Nnsqe+Hjt5nw=="],

    "@esbuild/netbsd-x64": ["@esbuild/netbsd-x64@0.28.2", "", { "os": "none", "cpu": "x64" }, "sha512-lqnzCV+mM0gIADaKihiCg6ifgfU2L3h5E33rNQBN1Y4MaVGnzryzmvvf7UHxprpQdE8hpqLolJ9Rl+SkIRDpyw=="],

    "@esbuild/openbsd-arm64": ["@esbuild/openbsd-arm64@0.28.2", "", { "os": "openbsd", "cpu": "arm64" }, "sha512-AL2qJILH7lNjrDmCQDvdxMfAUIv8KMNZOvrwAQ8i8//ntL9FflhOyMJ8OZSMBb8/AWXe3/5v5S20y3zCoZWKoQ=="],

    "@esbuild/openbsd-x64": ["@esbuild/openbsd-x64@0.28.2", "", { "os": "openbsd", "cpu": "x64" }, "sha512-QtiuPytchRyC4rwUKhexJdQKvDuZ6hWloi3igqPQNUJCS1/v9EiO3UTOXR6A3FoMo4fnAKbWJdqaIwhOzh8qEw=="],

    "@esbuild/openharmony-arm64": ["@esbuild/openharmony-arm64@0.28.2", "", { "os": "none", "cpu": "arm64" }, "sha512-WkhYDmpTjLvGlScA1rwjRUmhl4k8oXR3cIbtqWmELgU/dFeHHlEllxDvdWcNJV9rbzCexB5vz8gtNewWLgCT7Q=="],

    "@esbuild/sunos-x64": ["@esbuild/sunos-x64@0.28.2", "", { "os": "sunos", "cpu": "x64" }, "sha512-GPMSkTOtMnv2U2F8gxe4Io6qmVs+YKyp832Etqqxr0hFngmXQ3rzwytelm3GIn7T4VviRUlf3sOgBOiTdvaf7g=="],

    "@esbuild/win32-arm64": ["@esbuild/win32-arm64@0.28.2", "", { "os": "win32", "cpu": "arm64" }, "sha512-PIhhEkE9uPBleRBrQEJpUn7MBnibZzbGzYWPmY3x+YoVg/95zbjB4CxPPOQ8l5tYYM4mMaCthF8/1DIfBQQyWQ=="],

    "@esbuild/win32-ia32": ["@esbuild/win32-ia32@0.28.2", "", { "os": "win32", "cpu": "ia32" }, "sha512-YmJbfTlvU7Sdn9BB+4PRES4oB6pxgS37MAONj+hBr/cpXS1aBPKXxNnDbu+QCWPj0o9dgyxeq79g6c5P8KeuYA=="],

    "@esbuild/win32-x64": ["@esbuild/win32-x64@0.28.2", "", { "os": "win32", "cpu": "x64" }, "sha512-5ebpxr3nWMzrL/rnUI755Jkuee0bHL/Gq0WTF9lvcpv73wAp5eu8MfBUgWK9bhWvZjj7yX8etf/8tI8Ney695g=="],

    "@mariozechner/clipboard": ["@mariozechner/clipboard@0.3.9", "", { "optionalDependencies": { "@mariozechner/clipboard-darwin-arm64": "0.3.9", "@mariozechner/clipboard-darwin-universal": "0.3.9", "@mariozechner/clipboard-darwin-x64": "0.3.9", "@mariozechner/clipboard-linux-arm64-gnu": "0.3.9", "@mariozechner/clipboard-linux-arm64-musl": "0.3.9", "@mariozechner/clipboard-linux-riscv64-gnu": "0.3.9", "@mariozechner/clipboard-linux-x64-gnu": "0.3.9", "@mariozechner/clipboard-linux-x64-musl": "0.3.9", "@mariozechner/clipboard-win32-arm64-msvc": "0.3.9", "@mariozechner/clipboard-win32-x64-msvc": "0.3.9" } }, "sha512-ABnA53mdfkGZwOFUdZNv2S0CWGO/EIuPj8Vv9xmBFmSYg/qFc7ihO6q5FcQjvoE67kZpWkEc4AhD6B/os04yuA=="],

    "@mariozechner/clipboard-darwin-arm64": ["@mariozechner/clipboard-darwin-arm64@0.3.9", "", { "os": "darwin", "cpu": "arm64" }, "sha512-BfgV7vCEWZwJwZJw03r6bP5+tf0iI/ANuQYCxi9RNn7FrWB3yzGuMKCrNLRl6V761vXRdL8+OqZ0wd4TqlsNOQ=="],

    "@mariozechner/clipboard-darwin-universal": ["@mariozechner/clipboard-darwin-universal@0.3.9", "", { "os": "darwin" }, "sha512-BGGR4iA9Z2shAjI65eI5xtyb3LYNlDW9X3gxKxDbqtbnREohsrqznov6zpKoIrsRWpzlYVEdKphS7ksJ0/ndSQ=="],

    "@mariozechner/clipboard-darwin-x64": ["@mariozechner/clipboard-darwin-x64@0.3.9", "", { "os": "darwin", "cpu": "x64" }, "sha512-4kURmCbS6nt8uYhtmWpUcJWyPHfmAr5dTpXD1nO3pIfa+TSQ9DbrGOYCKH+aEFW47XhQ4Vp8ZTszie+wfFvDKg=="],

    "@mariozechner/clipboard-linux-arm64-gnu": ["@mariozechner/clipboard-linux-arm64-gnu@0.3.9", "", { "os": "linux", "cpu": "arm64" }, "sha512-g59OkUGP2DDfCOIKypHeYgv2M55u/cKvXa5dSxFbEJ34XvIQMdcVmpKCkGUro3ZgefXiGVdwguvTMQGpHWzIXw=="],

    "@mariozechner/clipboard-linux-arm64-musl": ["@mariozechner/clipboard-linux-arm64-musl@0.3.9", "", { "os": "linux", "cpu": "arm64" }, "sha512-AGuJdgKsmJdm4Pych7kv3sqe591ERRaAHW3xjLooiFzn8J+PxUyof++7YZrB5Y5tpnTO+K18Og3taj2NpluCRQ=="],

    "@mariozechner/clipboard-linux-riscv64-gnu": ["@mariozechner/clipboard-linux-riscv64-gnu@0.3.9", "", { "os": "linux", "cpu": "none" }, "sha512-DXBEAiuMpk7dhS1a9NzNxVAFi1vaKoPu7rQNgY8LIDLGrK3lnIp3nT10DUum+PKVJoJppIP+NAA8IZe4DMNDPw=="],

    "@mariozechner/clipboard-linux-x64-gnu": ["@mariozechner/clipboard-linux-x64-gnu@0.3.9", "", { "os": "linux", "cpu": "x64" }, "sha512-WORrMLd6EpElEME7JRKfSaY34nW1P5LbdgK5YNCS1ncG2LqmITsSMEJ8nh2mpvxb3TxqbOOKgY7k9eMJYlW9Mw=="],

    "@mariozechner/clipboard-linux-x64-musl": ["@mariozechner/clipboard-linux-x64-musl@0.3.9", "", { "os": "linux", "cpu": "x64" }, "sha512-/DHn+1DrfL6oRaPPWXaOKvonFFrni666fxd+zFqiQEfvBH0tsHVWjq9iqBk0oDp0qaPA72lIMy5BptxISBEhZQ=="],

    "@mariozechner/clipboard-win32-arm64-msvc": ["@mariozechner/clipboard-win32-arm64-msvc@0.3.9", "", { "os": "win32", "cpu": "arm64" }, "sha512-O5FHD3ErkMwMhNzAfu3ggy0ug4z7btZuoQgwwxlzPrwV2bxlD6WDpqBY4NCgICAgZdDKdp+loUEKVAVt8aYnhQ=="],

    "@mariozechner/clipboard-win32-x64-msvc": ["@mariozechner/clipboard-win32-x64-msvc@0.3.9", "", { "os": "win32", "cpu": "x64" }, "sha512-ihQC3EufqEY81vhXBgVBtK4prL+wc62zJsSvxrgz7K1hsdt6OObz6v9p3Rn1OG3GJksTTKMJF0u/guMISHPhSA=="],

    "@speed-highlight/core": ["@speed-highlight/core@1.2.24", "", {}, "sha512-qeW2e1l78afw8VhRPfPQ1Gjj+KU5XFQ/OFV5ti6eTa9bruO7mJyZtA4vw0ofqmA3tKCkROE9xLk3VZoeRc98nw=="],

    "@types/ms": ["@types/ms@2.1.0", "", {}, "sha512-GsCCIZDE/p3i96vtEqx+7dBUGXrc7zeSK3wwPHIaRThS+9OhWIXRqzs4d6k1SVU8g91DrNRWxWUGhp5KXQb2VA=="],

    "@types/node": ["@types/node@22.20.1", "", { "dependencies": { "undici-types": "~6.21.0" } }, "sha512-EANqOCF9QFyra+4pfxUcX9STKJpCLjMbObVzljIJomAWSnuSIEAvyzEU53GaajbXJEgdh0iEcPL+DGvpUd4k1Q=="],

    "@types/proper-lockfile": ["@types/proper-lockfile@4.1.4", "", { "dependencies": { "@types/retry": "*" } }, "sha512-uo2ABllncSqg9F1D4nugVl9v93RmjxF6LJzQLMLDdPaXCUIDPeOJ21Gbqi43xNKzBi/WQ0Q0dICqufzQbMjipQ=="],

    "@types/retry": ["@types/retry@0.12.5", "", {}, "sha512-3xSjTp3v03X/lSQLkczaN9UIEwJMoMCA1+Nb5HfbJEQWogdeQIyVtTvxPXDQjZ5zws8rFQfVfRdz03ARihPJgw=="],

    "@types/yauzl": ["@types/yauzl@2.10.3", "", { "dependencies": { "@types/node": "*" } }, "sha512-oJoftv0LSuaDZE3Le4DbKX+KS9G36NzOeSap90UIK0yMA/NhKJhqlSGtNDORNRaIbQfzjXDrQa0ytJ6mNRGz/Q=="],

    "@typescript/native-preview": ["@typescript/native-preview@7.0.0-dev.20260120.1", "", { "optionalDependencies": { "@typescript/native-preview-darwin-arm64": "7.0.0-dev.20260120.1", "@typescript/native-preview-darwin-x64": "7.0.0-dev.20260120.1", "@typescript/native-preview-linux-arm": "7.0.0-dev.20260120.1", "@typescript/native-preview-linux-arm64": "7.0.0-dev.20260120.1", "@typescript/native-preview-linux-x64": "7.0.0-dev.20260120.1", "@typescript/native-preview-win32-arm64": "7.0.0-dev.20260120.1", "@typescript/native-preview-win32-x64": "7.0.0-dev.20260120.1" }, "bin": { "tsgo": "bin/tsgo.js" } }, "sha512-nnEf37C9ue7OBRnF2zmV/OCBmV5Y7T/K4mCHa+nxgiXcF/1w8sA0cgdFl+gHQ0mysqUJ+Bu5btAMeWgpLyjrgg=="],

    "@typescript/native-preview-darwin-arm64": ["@typescript/native-preview-darwin-arm64@7.0.0-dev.20260120.1", "", { "os": "darwin", "cpu": "arm64" }, "sha512-r3pWFuR2H7mn6ScwpH5jJljKQqKto0npVuJSk6pRwFwexpTyxOGmJTZJ1V0AWiisaNxU2+CNAqWFJSJYIE/QTg=="],

    "@typescript/native-preview-darwin-x64": ["@typescript/native-preview-darwin-x64@7.0.0-dev.20260120.1", "", { "os": "darwin", "cpu": "x64" }, "sha512-cuC1+wLbUP+Ip2UT94G134fqRdp5w3b3dhcCO6/FQ4yXxvRNyv/WK+upHBUFDaeSOeHgDTyO9/QFYUWwC4If1A=="],

    "@typescript/native-preview-linux-arm": ["@typescript/native-preview-linux-arm@7.0.0-dev.20260120.1", "", { "os": "linux", "cpu": "arm" }, "sha512-vN6OYVySol/kQZjJGmAzd6L30SyVlCgmCXS8WjUYtE5clN0YrzQHop16RK29fYZHMxpkOniVBtRPxUYQANZBlQ=="],

    "@typescript/native-preview-linux-arm64": ["@typescript/native-preview-linux-arm64@7.0.0-dev.20260120.1", "", { "os": "linux", "cpu": "arm64" }, "sha512-zZGvEGY7wcHYefMZ87KNmvjN3NLIhsCMHEpHZiGCS3khKf+8z6ZsanrzCjOTodvL01VPyBzHxV1EtkSxAcLiQg=="],

    "@typescript/native-preview-linux-x64": ["@typescript/native-preview-linux-x64@7.0.0-dev.20260120.1", "", { "os": "linux", "cpu": "x64" }, "sha512-JBfNhWd/asd5MDeS3VgRvE24pGKBkmvLub6tsux6ypr+Yhy+o0WaAEzVpmlRYZUqss2ai5tvOu4dzPBXzZAtFw=="],

    "@typescript/native-preview-win32-arm64": ["@typescript/native-preview-win32-arm64@7.0.0-dev.20260120.1", "", { "os": "win32", "cpu": "arm64" }, "sha512-tTndRtYCq2xwgE0VkTi9ACNiJaV43+PqvBqCxk8ceYi3X36Ve+CCnwlZfZJ4k9NxZthtrAwF/kUmpC9iIYbq1w=="],

    "@typescript/native-preview-win32-x64": ["@typescript/native-preview-win32-x64@7.0.0-dev.20260120.1", "", { "os": "win32", "cpu": "x64" }, "sha512-oZia7hFL6k9pVepfonuPI86Jmyz6WlJKR57tWCDwRNmpA7odxuTq1PbvcYgy1z4+wHF1nnKKJY0PMAiq6ac18w=="],

    "@xterm/headless": ["@xterm/headless@6.0.0", "", {}, "sha512-5Yj1QINYCyzrZtf8OFIHi47iQtI+0qYFPHmouEfG8dHNxbZ9Tb9YGSuLcsEwj9Z+OL75GJqPyJbyoFer80a2Hw=="],

    "@xterm/xterm": ["@xterm/xterm@6.0.0", "", {}, "sha512-TQwDdQGtwwDt+2cgKDLn0IRaSxYu1tSUjgKarSDkUM0ZNiSRXFpjxEsvc/Zgc5kq5omJ+V0a8/kIM2WD3sMOYg=="],

    "buffer-crc32": ["buffer-crc32@0.2.13", "", {}, "sha512-VO9Ht/+p3SN7SKWqcrgEzjGbRSJYTx+Q1pTQC0wrWqHx0vpJraQ6GtHx8tvcg1rlK1byhU5gccxgOgj7B0TDkQ=="],

    "debug": ["debug@4.4.3", "", { "dependencies": { "ms": "^2.1.3" } }, "sha512-RGwwWnwQvkVfavKVt22FGLw+xYSdzARwm0ru6DhTVA3umU5hZc28V3kO4stgYryrTlLpuvgI9GiijltAjNbcqA=="],

    "end-of-stream": ["end-of-stream@1.4.5", "", { "dependencies": { "once": "^1.4.0" } }, "sha512-ooEGc6HP26xXq/N+GCGOT0JKCLDGrq2bQUZrQ7gyrJiZANJ/8YDTxTpQBXGMn+WbIQXNVpyWymm7KYVICQnyOg=="],

    "esbuild": ["esbuild@0.28.2", "", { "optionalDependencies": { "@esbuild/aix-ppc64": "0.28.2", "@esbuild/android-arm": "0.28.2", "@esbuild/android-arm64": "0.28.2", "@esbuild/android-x64": "0.28.2", "@esbuild/darwin-arm64": "0.28.2", "@esbuild/darwin-x64": "0.28.2", "@esbuild/freebsd-arm64": "0.28.2", "@esbuild/freebsd-x64": "0.28.2", "@esbuild/linux-arm": "0.28.2", "@esbuild/linux-arm64": "0.28.2", "@esbuild/linux-ia32": "0.28.2", "@esbuild/linux-loong64": "0.28.2", "@esbuild/linux-mips64el": "0.28.2", "@esbuild/linux-ppc64": "0.28.2", "@esbuild/linux-riscv64": "0.28.2", "@esbuild/linux-s390x": "0.28.2", "@esbuild/linux-x64": "0.28.2", "@esbuild/netbsd-arm64": "0.28.2", "@esbuild/netbsd-x64": "0.28.2", "@esbuild/openbsd-arm64": "0.28.2", "@esbuild/openbsd-x64": "0.28.2", "@esbuild/openharmony-arm64": "0.28.2", "@esbuild/sunos-x64": "0.28.2", "@esbuild/win32-arm64": "0.28.2", "@esbuild/win32-ia32": "0.28.2", "@esbuild/win32-x64": "0.28.2" }, "bin": { "esbuild": "bin/esbuild" } }, "sha512-HKVLS8dvII+xoKW9kmqxbRKrnWEXfJJr/FZhhJmiqIB0e053QNYFqOBouTMO/k5sID4MvCiUCvv8b9M4h32wIA=="],

    "extract-zip": ["extract-zip@2.0.1", "", { "dependencies": { "debug": "^4.1.1", "get-stream": "^5.1.0", "yauzl": "^2.10.0" }, "optionalDependencies": { "@types/yauzl": "^2.9.1" }, "bin": { "extract-zip": "cli.js" } }, "sha512-GDhU9ntwuKyGXdZBUgTIe+vXnWj0fppUEtMDL0+idd5Sta8TGpHssn/eusA9mrPr9qNDym6SxAYZjNvCn/9RBg=="],

    "fd-slicer": ["fd-slicer@1.1.0", "", { "dependencies": { "pend": "~1.2.0" } }, "sha512-cE1qsB/VwyQozZ+q1dGxR8LBYNZeofhEdUNGSMbQD3Gw2lAzX9Zb3uIU6Ebc/Fmyjo9AWWfnn0AUCHqtevs/8g=="],

    "get-stream": ["get-stream@5.2.0", "", { "dependencies": { "pump": "^3.0.0" } }, "sha512-nBF+F1rAZVCu/p7rjzgA+Yb4lfYXrpl7a6VmJrU8wF9I1CKvP/QwPNZHnOlwbTkY6dvtFIzFMSyQXbLoTQPRpA=="],

    "graceful-fs": ["graceful-fs@4.2.11", "", {}, "sha512-RbJ5/jmFcNNCcDV5o9eTnBLJ/HszWV0P73bc+Ff4nS/rJj+YaS6IGyiOL0VoBYX+l1Wrl3k63h/KrH+nhJ0XvQ=="],

    "jiti": ["jiti@2.7.0", "", { "bin": { "jiti": "lib/jiti-cli.mjs" } }, "sha512-AC/7JofJvZGrrneWNaEnJeOLUx+JlGt7tNa0wZiRPT4MY1wmfKjt2+6O2p2uz2+skll8OZZmJMNqeke7kKbNgQ=="],

    "ms": ["ms@2.1.3", "", {}, "sha512-6FlzubTLZG3J2a/NVCAleEhjzq5oxgHyaCU9yYXvcLsvoVaHJq/s5xXI6/XXP6tz7R9xAOtHnSO/tXtF3WRTlA=="],

    "once": ["once@1.4.0", "", { "dependencies": { "wrappy": "1" } }, "sha512-lNaJgI+2Q5URQBkccEKHTQOPaXdUxnZZElQTZY0MFUAuaEqe1E+Nyvgdz/aIyNi6Z9MzO5dv1H8n58/GELp3+w=="],

    "pend": ["pend@1.2.0", "", {}, "sha512-F3asv42UuXchdzt+xXqfW1OGlVBe+mxa2mqI0pg5yAHZPvFmY3Y6drSf/GQ1A86WgWEN9Kzh/WrgKa6iGcHXLg=="],

    "proper-lockfile": ["proper-lockfile@4.1.2", "", { "dependencies": { "graceful-fs": "^4.2.4", "retry": "^0.12.0", "signal-exit": "^3.0.2" } }, "sha512-TjNPblN4BwAWMXU8s9AEz4JmQxnD1NNL7bNOY/AKUzyamc379FWASUhc/K1pL2noVb+XmZKLL68cjzLsiOAMaA=="],

    "pump": ["pump@3.0.4", "", { "dependencies": { "end-of-stream": "^1.1.0", "once": "^1.3.1" } }, "sha512-VS7sjc6KR7e1ukRFhQSY5LM2uBWAUPiOPa/A3mkKmiMwSmRFUITt0xuj+/lesgnCv+dPIEYlkzrcyXgquIHMcA=="],

    "retry": ["retry@0.12.0", "", {}, "sha512-9LkiTwjUh6rT555DtE9rTX+BKByPfrMzEAtnlEtdEwr3Nkffwiihqe2bWADg+OQRjt9gl6ICdmB/ZFDCGAtSow=="],

    "signal-exit": ["signal-exit@3.0.7", "", {}, "sha512-wnD2ZE+l+SPC/uoS0vXeE9L1+0wuaMqKlfz9AMUo38JsyLSBWSFcHR1Rri62LZc12vLr1gb3jl7iwQhgwpAbGQ=="],

    "undici-types": ["undici-types@6.21.0", "", {}, "sha512-iwDZqg0QAGrg9Rav5H4n0M64c3mkR59cJ6wQp+7C4nI0gsmExaedaYLNO44eT4AtBBwjbTiGPMlt2Md0T9H9JQ=="],

    "wrappy": ["wrappy@1.0.2", "", {}, "sha512-l4Sp/DRseor9wL6EvV2+TuQn63dMkPjZ/sp9XkghTEbV9KlPS1xUsZ3u7/IQO4wxtcFB4bgpQPRcR3QCvezPcQ=="],

    "yauzl": ["yauzl@2.10.0", "", { "dependencies": { "buffer-crc32": "~0.2.3", "fd-slicer": "~1.1.0" } }, "sha512-p4a9I6X6nu6IhoGmBqAcbJy1mlC4j27vEPZX9F4L4/vZT3Lyq1VkFHw/V/PUcB9Buo+DG3iHkT0x3Qya58zc3g=="],

    "@earendil-works/pi-agent-core/@types/node": ["@types/node@24.13.3", "", { "dependencies": { "undici-types": "~7.18.0" } }, "sha512-Dh8vAsV36ig5wa9OX4pXvMc9D3Veibfw2wix0CUwYODLD8nkj9UsLjASr49nPg+2eKzxhBV+v7L8pXvT4e639Q=="],

    "@earendil-works/pi-ai/@types/node": ["@types/node@24.13.3", "", { "dependencies": { "undici-types": "~7.18.0" } }, "sha512-Dh8vAsV36ig5wa9OX4pXvMc9D3Veibfw2wix0CUwYODLD8nkj9UsLjASr49nPg+2eKzxhBV+v7L8pXvT4e639Q=="],

    "@earendil-works/pi-coding-agent/@types/node": ["@types/node@24.13.3", "", { "dependencies": { "undici-types": "~7.18.0" } }, "sha512-Dh8vAsV36ig5wa9OX4pXvMc9D3Veibfw2wix0CUwYODLD8nkj9UsLjASr49nPg+2eKzxhBV+v7L8pXvT4e639Q=="],

    "@types/yauzl/@types/node": ["@types/node@24.13.3", "", { "dependencies": { "undici-types": "~7.18.0" } }, "sha512-Dh8vAsV36ig5wa9OX4pXvMc9D3Veibfw2wix0CUwYODLD8nkj9UsLjASr49nPg+2eKzxhBV+v7L8pXvT4e639Q=="],

    "@earendil-works/pi-agent-core/@types/node/undici-types": ["undici-types@7.18.2", "", {}, "sha512-AsuCzffGHJybSaRrmr5eHr81mwJU3kjw6M+uprWvCXiNeN9SOGwQ3Jn8jb8m3Z6izVgknn1R0FTCEAP2QrLY/w=="],

    "@earendil-works/pi-ai/@types/node/undici-types": ["undici-types@7.18.2", "", {}, "sha512-AsuCzffGHJybSaRrmr5eHr81mwJU3kjw6M+uprWvCXiNeN9SOGwQ3Jn8jb8m3Z6izVgknn1R0FTCEAP2QrLY/w=="],

    "@earendil-works/pi-coding-agent/@types/node/undici-types": ["undici-types@7.18.2", "", {}, "sha512-AsuCzffGHJybSaRrmr5eHr81mwJU3kjw6M+uprWvCXiNeN9SOGwQ3Jn8jb8m3Z6izVgknn1R0FTCEAP2QrLY/w=="],

    "@types/yauzl/@types/node/undici-types": ["undici-types@7.18.2", "", {}, "sha512-AsuCzffGHJybSaRrmr5eHr81mwJU3kjw6M+uprWvCXiNeN9SOGwQ3Jn8jb8m3Z6izVgknn1R0FTCEAP2QrLY/w=="],
  }
}
